
Microsoft Visual Studio Solution File, Format Version 12.00
# Visual Studio Version 16
VisualStudioVersion = 16.0.31702.278
MinimumVisualStudioVersion = 10.0.40219.1
Project("{FAE04EC0-301F-11D3-BF4B-00C04F79EFBC}") = "Nechita_Carina_Lab8", "Nechita_Carina_Lab8.csproj", "{88859605-F733-4AC1-B59E-8EF9CE71D057}"
EndProject
Global
	GlobalSection(SolutionConfigurationPlatforms) = preSolution
		Debug|Any CPU = Debug|Any CPU
		Release|Any CPU = Release|Any CPU
	EndGlobalSection
	GlobalSection(ProjectConfigurationPlatforms) = postSolution
		{88859605-F733-4AC1-B59E-8EF9CE71D057}.Debug|Any CPU.ActiveCfg = Debug|Any CPU
		{88859605-F733-4AC1-B59E-8EF9CE71D057}.Debug|Any CPU.Build.0 = Debug|Any CPU
		{88859605-F733-4AC1-B59E-8EF9CE71D057}.Release|Any CPU.ActiveCfg = Release|Any CPU
		{88859605-F733-4AC1-B59E-8EF9CE71D057}.Release|Any CPU.Build.0 = Release|Any CPU
	EndGlobalSection
	GlobalSection(SolutionProperties) = preSolution
		HideSolutionNode = FALSE
	EndGlobalSection
	GlobalSection(ExtensibilityGlobals) = postSolution
		SolutionGuid = {167D5EC6-CF22-479A-A454-9218EC0D65B3}
	EndGlobalSection
EndGlobal
